github.com/aws/aws-sdk-go-v2 v1.36.5 h1:0OF9RiEMEdDdZEMqF9MRjevyxAQcf6gY+E7vwBILFj0=
github.com/aws/aws-sdk-go-v2 v1.36.5/go.mod h1:EYrzvCCN9CMUTa5+6lf6MM4tq3Zjp8UhSGR/cBsjai0=
github.com/aws/aws-sdk-go-v2/aws/protocol/eventstream v1.6.11 h1:12SpdwU8Djs+YGklkinSSlcrPyj3H4VifVsKf78KbwA=
github.com/aws/aws-sdk-go-v2/aws/protocol/eventstream v1.6.11/go.mod h1:dd+Lkp6YmMryke+qxW/VnKyhMBDTYP41Q2Bb+6gNZgY=
github.com/aws/aws-sdk-go-v2/config v1.29.17 h1:jSuiQ5jEe4SAMH6lLRMY9OVC+TqJLP5655pBGjmnjr0=
github.com/aws/aws-sdk-go-v2/config v1.29.17/go.mod h1:9P4wwACpbeXs9Pm9w1QTh6BwWwJjwYvJ1iCt5QbCXh8=
github.com/aws/aws-sdk-go-v2/credentials v1.17.70 h1:ONnH5CM16RTXRkS8Z1qg7/s2eDOhHhaXVd72mmyv4/0=
github.com/aws/aws-sdk-go-v2/credentials v1.17.70/go.mod h1:M+lWhhmomVGgtuPOhO85u4pEa3SmssPTdcYpP/5J/xc=
github.com/aws/aws-sdk-go-v2/feature/ec2/imds v1.16.32 h1:KAXP9JSHO1vKGCr5f4O6WmlVKLFFXgWYAGoJosorxzU=
github.com/aws/aws-sdk-go-v2/feature/ec2/imds v1.16.32/go.mod h1:h4Sg6FQdexC1yYG9RDnOvLbW1a/P986++/Y/a+GyEM8=
github.com/aws/aws-sdk-go-v2/internal/configsources v1.3.36 h1:SsytQyTMHMDPspp+spo7XwXTP44aJZZAC7fBV2C5+5s=
github.com/aws/aws-sdk-go-v2/internal/configsources v1.3.36/go.mod h1:Q1lnJArKRXkenyog6+Y+zr7WDpk4e6XlR6gs20bbeNo=
github.com/aws/aws-sdk-go-v2/internal/endpoints/v2 v2.6.36 h1:i2vNHQiXUvKhs3quBR6aqlgJaiaexz/aNvdCktW/kAM=
github.com/aws/aws-sdk-go-v2/internal/endpoints/v2 v2.6.36/go.mod h1:UdyGa7Q91id/sdyHPwth+043HhmP6yP9MBHgbZM0xo8=
github.com/aws/aws-sdk-go-v2/internal/ini v1.8.3 h1:bIqFDwgGXXN1Kpp99pDOdKMTTb5d2KyU5X/BZxjOkRo=
github.com/aws/aws-sdk-go-v2/internal/ini v1.8.3/go.mod h1:H5O/EsxDWyU+LP/V8i5sm8cxoZgc2fdNR9bxlOFrQTo=
github.com/aws/aws-sdk-go-v2/internal/v4a v1.3.36 h1:GMYy2EOWfzdP3wfVAGXBNKY5vK4K8vMET4sYOYltmqs=
github.com/aws/aws-sdk-go-v2/internal/v4a v1.3.36/go.mod h1:gDhdAV6wL3PmPqBhiPbnlS447GoWs8HTTOYef9/9Inw=
github.com/aws/aws-sdk-go-v2/service/amplify v1.33.3 h1:6rZkMM5S/fSnIP02Q/paqszlyp/kKNhl+hHV9WuuH7I=
github.com/aws/aws-sdk-go-v2/service/amplify v1.33.3/go.mod h1:Ir47WZbig8znnUdUx5YPxwjt92xXZSQKu2+Y+NjGzBM=
github.com/aws/aws-sdk-go-v2/service/apigateway v1.31.4 h1:XFKyI5HLJwV0HBKuUTIE19yaKHOvgZK/sDSj3HmE8dM=
github.com/aws/aws-sdk-go-v2/service/apigateway v1.31.4/go.mod h1:b7jjY+ZgE+CzV8iX9d2ose6aPKkpA7a7RIi9mHEFlqM=
github.com/aws/aws-sdk-go-v2/service/apprunner v1.34.2 h1:ZEkJkUCPdXrL3JOTpa3DuB879AtP5tNF/8i8415A8fY=
github.com/aws/aws-sdk-go-v2/service/apprunner v1.34.2/go.mod h1:p4kYzg6Gb1uqNc7m9/qB4aDycggCAv9mfFXX15S805U=
github.com/aws/aws-sdk-go-v2/service/appsync v1.47.3 h1:Jc3/7ZWo4pjNhKp0B0WD4Av5QOMaJj6Xqzg0y0l6deA=
github.com/aws/aws-sdk-go-v2/service/appsync v1.47.3/go.mod h1:id62qP6jzhg3NWQ5zfBf12omt9Rm3yEcwI1rtj7+wbE=
github.com/aws/aws-sdk-go-v2/service/cloudfront v1.46.3 h1:ULVZL6Ro+vqmXFVFgZ5Q92pqWnhJfwOnWlNtibQPnIs=
github.com/aws/aws-sdk-go-v2/service/cloudfront v1.46.3/go.mod h1:vudWcTOLhQf4lzRH0qHUszJh8Gpo+Lp6dqH/HgVR9Xg=
github.com/aws/aws-sdk-go-v2/service/ec2 v1.231.0 h1:uhIwvt6crp2kQenKojfDShGw39WEIrtPRfYZ3FAFlJk=
github.com/aws/aws-sdk-go-v2/service/ec2 v1.231.0/go.mod h1:35jGWx7ECvCwTsApqicFYzZ7JFEnBc6oHUuOQ3xIS54=
github.com/aws/aws-sdk-go-v2/service/elasticbeanstalk v1.29.5 h1:pMxyQ4h0JhnKOQoTRW6OyzKtsHKGzO3qTikBH7q5dr4=
github.com/aws/aws-sdk-go-v2/service/elasticbeanstalk v1.29.5/go.mod h1:BfDv/2Xok2pEg9VbiT7WkBIO3WFnAnuUcncn9QkOJko=
github.com/aws/aws-sdk-go-v2/service/elasticloadbalancing v1.29.6 h1:9grU/+HRwLXJV8XUjEPThJj/H+0oHkeNBFpSSfZekeg=
github.com/aws/aws-sdk-go-v2/service/elasticloadbalancing v1.29.6/go.mod h1:N4fs285CsnBHlAkzBpQapefR/noggTyF09fWs72EzB4=
github.com/aws/aws-sdk-go-v2/service/elasticloadbalancingv2 v1.46.0 h1:3nrkDeiPreARHMoqvS+umxTKcDVkqnRPlz01/kVgG7U=
github.com/aws/aws-sdk-go-v2/service/elasticloadbalancingv2 v1.46.0/go.mod h1:E+At5Cto6ntT+qaNs3RpJKsx1GaFaNB3zzNUFhHL8DE=
github.com/aws/aws-sdk-go-v2/service/globalaccelerator v1.30.4 h1:idE6j2x7GKSosHJs8cUx8A6KUq3uBrHgjDlWX349fuM=
github.com/aws/aws-sdk-go-v2/service/globalaccelerator v1.30.4/go.mod h1:j/G2N1igocPCVsL7+KhmWI7Y9fiAaUtRdirSReCxDSA=
github.com/aws/aws-sdk-go-v2/service/internal/accept-encoding v1.12.4 h1:CXV68E2dNqhuynZJPB80bhPQwAKqBWVer887figW6Jc=
github.com/aws/aws-sdk-go-v2/service/internal/accept-encoding v1.12.4/go.mod h1:/xFi9KtvBXP97ppCz1TAEvU1Uf66qvid89rbem3wCzQ=
github.com/aws/aws-sdk-go-v2/service/internal/checksum v1.7.4 h1:nAP2GYbfh8dd2zGZqFRSMlq+/F6cMPBUuCsGAMkN074=
github.com/aws/aws-sdk-go-v2/service/internal/checksum v1.7.4/go.mod h1:LT10DsiGjLWh4GbjInf9LQejkYEhBgBCjLG5+lvk4EE=
github.com/aws/aws-sdk-go-v2/service/internal/presigned-url v1.12.17 h1:t0E6FzREdtCsiLIoLCWsYliNsRBgyGD/MCK571qk4MI=
github.com/aws/aws-sdk-go-v2/service/internal/presigned-url v1.12.17/go.mod h1:ygpklyoaypuyDvOM5ujWGrYWpAK3h7ugnmKCU/76Ys4=
github.com/aws/aws-sdk-go-v2/service/internal/s3shared v1.18.17 h1:qcLWgdhq45sDM9na4cvXax9dyLitn8EYBRl8Ak4XtG4=
github.com/aws/aws-sdk-go-v2/service/internal/s3shared v1.18.17/go.mod h1:M+jkjBFZ2J6DJrjMv2+vkBbuht6kxJYtJiwoVgX4p4U=
github.com/aws/aws-sdk-go-v2/service/lambda v1.72.0 h1:2LerDz2Lz22IDfdpR/RpSZIFoBoAh1tdHUaiUzG2z0k=
github.com/aws/aws-sdk-go-v2/service/lambda v1.72.0/go.mod h1:vahA7MiX/fQE9J5o1PKbgn8KoXz7ogSFLAQQLdLUvM8=
github.com/aws/aws-sdk-go-v2/service/lightsail v1.43.4 h1:0WHz7LVS1JHOMaJJ2uc7vvMERopVfNQE1Dil2yu6Wqw=
github.com/aws/aws-sdk-go-v2/service/lightsail v1.43.4/go.mod h1:2VS/H/N3xtI0VxFja/1Aqy1FscPkVyju4Uq9J08L6Ms=
github.com/aws/aws-sdk-go-v2/service/opensearch v1.46.6 h1:Od+ZuCqT6U0kJ1mjQSmo7FMJ90r1AcgJ/qYRoXG6wQo=
github.com/aws/aws-sdk-go-v2/service/opensearch v1.46.6/go.mod h1:0vIvvobMH8MY/GsR1hdcZPISLp16YwQ18D+cMG/3YEc=
github.com/aws/aws-sdk-go-v2/service/organizations v1.39.0 h1:8dPwqXepW7uF1+20KEXZMkVKxHsCUUt6Fc0Zypx9tPg=
github.com/aws/aws-sdk-go-v2/service/organizations v1.39.0/go.mod h1:5MRPiBYQXFmgqmnXbhAVtKk9SebdLGFRmaa8gz1K4cM=
github.com/aws/aws-sdk-go-v2/service/rds v1.99.1 h1:eiDDf+cf2fAxOF5XaGLlrdCZPsnr5BTcPW55UK92sY4=
github.com/aws/aws-sdk-go-v2/service/rds v1.99.1/go.mod h1:Xe+NMlf/DY/XTXSevASAjGRika9Qt2LnuCDLtos03ms=
github.com/aws/aws-sdk-go-v2/service/redshift v1.54.6 h1:5u13KKciWFrXs3pkiG45cZfjAxCxHHCbhTm/Dg3GRas=
github.com/aws/aws-sdk-go-v2/service/redshift v1.54.6/go.mod h1:CFY4v8m7Nd96aVuFyNU+ujY+1Uim7JrJnAd0jkLf2Zg=
github.com/aws/aws-sdk-go-v2/service/route53 v1.53.0 h1:UglIEyurCqfzZkjNdYAuXUGFu/FNWMKP5eorzggvXe8=
github.com/aws/aws-sdk-go-v2/service/route53 v1.53.0/go.mod h1:wi1naoiPnCQG3cyjsivwPON1ZmQt/EJGxFqXzubBTAw=
github.com/aws/aws-sdk-go-v2/service/s3 v1.83.0 h1:5Y75q0RPQoAbieyOuGLhjV9P3txvYgXv2lg0UwJOfmE=
github.com/aws/aws-sdk-go-v2/service/s3 v1.83.0/go.mod h1:kUklwasNoCn5YpyAqC/97r6dzTA1SRKJfKq16SXeoDU=
github.com/aws/aws-sdk-go-v2/service/sso v1.25.5 h1:AIRJ3lfb2w/1/8wOOSqYb9fUKGwQbtysJ2H1MofRUPg=
github.com/aws/aws-sdk-go-v2/service/sso v1.25.5/go.mod h1:b7SiVprpU+iGazDUqvRSLf5XmCdn+JtT1on7uNL6Ipc=
github.com/aws/aws-sdk-go-v2/service/ssooidc v1.30.3 h1:BpOxT3yhLwSJ77qIY3DoHAQjZsc4HEGfMCE4NGy3uFg=
github.com/aws/aws-sdk-go-v2/service/ssooidc v1.30.3/go.mod h1:vq/GQR1gOFLquZMSrxUK/cpvKCNVYibNyJ1m7JrU88E=
github.com/aws/aws-sdk-go-v2/service/sts v1.34.0 h1:NFOJ/NXEGV4Rq//71Hs1jC/NvPs1ezajK+yQmkwnPV0=
github.com/aws/aws-sdk-go-v2/service/sts v1.34.0/go.mod h1:7ph2tGpfQvwzgistp2+zga9f+bCjlQJPkPUmMgDSD7w=
github.com/aws/aws-sdk-go-v2/service/workspaces v1.58.0 h1:NknK5ksEdnfMdPkhPedhoOQzb5bhd4/5ZNaYJTJRfaM=
github.com/aws/aws-sdk-go-v2/service/workspaces v1.58.0/go.mod h1:zzXFHVKbJU2FcSWXP2so1X/Ght2lrOrXUPt9M/kFOtI=
github.com/aws/smithy-go v1.22.4 h1:uqXzVZNuNexwc/xrh6Tb56u89WDlJY6HS+KC0S4QSjw=
github.com/aws/smithy-go v1.22.4/go.mod h1:t1ufH5HMublsJYulve2RKmHDC15xu1f26kHCp/HgceI=
github.com/fatih/color v1.15.0 h1:kOqh6YHBtK8aywxGerMG2Eq3H6Qgoqeo13Bk2Mv/nBs=
github.com/fatih/color v1.15.0/go.mod h1:0h5ZqXfHYED7Bhv2ZJamyIOUej9KtShiJESRwBDUSsw=
github.com/mattn/go-colorable v0.1.13 h1:fFA4WZxdEF4tXPZVKMLwD8oUnCTTo08duU7wxecdEvA=
github.com/mattn/go-colorable v0.1.13/go.mod h1:7S9/ev0klgBDR4GtXTXX8a3vIGJpMovkB8vQcUbaXHg=
github.com/mattn/go-isatty v0.0.16/go.mod h1:kYGgaQfpe5nmfYZH+SKPsOc2e4SrIfOl2e/yFXSvRLM=
github.com/mattn/go-isatty v0.0.19 h1:JITubQf0MOLdlGRuRq+jtsDlekdYPia9ZFsB8h/APPA=
github.com/mattn/go-isatty v0.0.19/go.mod h1:W+V8PltTTMOvKvAeJH7IuucS94S2C6jfK/D7dTCTo3Y=
github.com/mattn/go-runewidth v0.0.9/go.mod h1:H031xJmbD/WCDINGzjvQ9THkh0rPKHF+m2gUSrubnMI=
github.com/mattn/go-runewidth v0.0.16 h1:E5ScNMtiwvlvB5paMFdw9p4kSQzbXFikJ5SQO6TULQc=
github.com/mattn/go-runewidth v0.0.16/go.mod h1:Jdepj2loyihRzMpdS35Xk/zdY8IAYHsh153qUoGf23w=
github.com/olekukonko/errors v0.0.0-20250405072817-4e6d85265da6 h1:r3FaAI0NZK3hSmtTDrBVREhKULp8oUeqLT5Eyl2mSPo=
github.com/olekukonko/errors v0.0.0-20250405072817-4e6d85265da6/go.mod h1:ppzxA5jBKcO1vIpCXQ9ZqgDh8iwODz6OXIGKU8r5m4Y=
github.com/olekukonko/ll v0.0.8 h1:sbGZ1Fx4QxJXEqL/6IG8GEFnYojUSQ45dJVwN2FH2fc=
github.com/olekukonko/ll v0.0.8/go.mod h1:En+sEW0JNETl26+K8eZ6/W4UQ7CYSrrgg/EdIYT2H8g=
github.com/olekukonko/tablewriter v0.0.5 h1:P2Ga83D34wi1o9J6Wh1mRuqd4mF/x/lgBS7N7AbDhec=
github.com/olekukonko/tablewriter v0.0.5/go.mod h1:hPp6KlRPjbx+hW8ykQs1w3UBbZlj6HuIJcUGPhkA7kY=
github.com/olekukonko/tablewriter v1.0.8 h1:f6wJzHg4QUtJdvrVPKco4QTrAylgaU0+b9br/lJxEiQ=
github.com/olekukonko/tablewriter v1.0.8/go.mod h1:H428M+HzoUXC6JU2Abj9IT9ooRmdq9CxuDmKMtrOCMs=
github.com/rivo/uniseg v0.2.0 h1:S1pD9weZBuJdFmowNwbpi7BJ8TNftyUImj/0WQi72jY=
github.com/rivo/uniseg v0.2.0/go.mod h1:J6wj4VEh+S6ZtnVlnTBMWIodfgj8LQOQFoIToxlJtxc=
golang.org/x/sys v0.0.0-20220811171246-fbc7d0a398ab/go.mod h1:oPkhp1MJrh7nUepCBck5+mAzfO9JrbApNNgaTdGDITg=
golang.org/x/sys v0.6.0/go.mod h1:oPkhp1MJrh7nUepCBck5+mAzfO9JrbApNNgaTdGDITg=
golang.org/x/sys v0.12.0 h1:CM0HF96J0hcLAwsHPJZjfdNzs0gftsLfgKt57wWHJ0o=
golang.org/x/sys v0.12.0/go.mod h1:oPkhp1MJrh7nUepCBck5+mAzfO9JrbApNNgaTdGDITg=
